// !$*UTF8*$!
{
	archiveVersion = 1;
	classes = {
	};
	objectVersion = 50;
	objects = {

/* Begin PBXBuildFile section */
		7E317AC8242E926500112954 /* Swedio WatchKit App.app in Embed Watch Content */ = {isa = PBXBuildFile; fileRef = 7E317AC7242E926500112954 /* Swedio WatchKit App.app */; settings = {ATTRIBUTES = (RemoveHeadersOnCopy, ); }; };
		7E317ACE242E926500112954 /* Interface.storyboard in Resources */ = {isa = PBXBuildFile; fileRef = 7E317ACC242E926500112954 /* Interface.storyboard */; };
		7E317AD0242E926500112954 /* Assets.xcassets in Resources */ = {isa = PBXBuildFile; fileRef = 7E317ACF242E926500112954 /* Assets.xcassets */; };
		7E317AD7242E926500112954 /* Swedio WatchKit Extension.appex in Embed App Extensions */ = {isa = PBXBuildFile; fileRef = 7E317AD6242E926500112954 /* Swedio WatchKit Extension.appex */; settings = {ATTRIBUTES = (RemoveHeadersOnCopy, ); }; };
		7E317ADC242E926500112954 /* ContentView.swift in Sources */ = {isa = PBXBuildFile; fileRef = 7E317ADB242E926500112954 /* ContentView.swift */; };
		7E317ADE242E926500112954 /* HostingController.swift in Sources */ = {isa = PBXBuildFile; fileRef = 7E317ADD242E926500112954 /* HostingController.swift */; };
		7E317AE0242E926500112954 /* ExtensionDelegate.swift in Sources */ = {isa = PBXBuildFile; fileRef = 7E317ADF242E926500112954 /* ExtensionDelegate.swift */; };
		7E317AE2242E926600112954 /* Assets.xcassets in Resources */ = {isa = PBXBuildFile; fileRef = 7E317AE1242E926600112954 /* Assets.xcassets */; };
		7E317AE5242E926600112954 /* Preview Assets.xcassets in Resources */ = {isa = PBXBuildFile; fileRef = 7E317AE4242E926600112954 /* Preview Assets.xcassets */; };
/* End PBXBuildFile section */

/* Begin PBXContainerItemProxy section */
		7E317AC9242E926500112954 /* PBXContainerItemProxy */ = {
			isa = PBXContainerItemProxy;
			containerPortal = 7E317ABD242E926500112954 /* Project object */;
			proxyType = 1;
			remoteGlobalIDString = 7E317AC6242E926500112954;
			remoteInfo = "Swedio WatchKit App";
		};
		7E317AD8242E926500112954 /* PBXContainerItemProxy */ = {
			isa = PBXContainerItemProxy;
			containerPortal = 7E317ABD242E926500112954 /* Project object */;
			proxyType = 1;
			remoteGlobalIDString = 7E317AD5242E926500112954;
			remoteInfo = "Swedio WatchKit Extension";
		};
/* End PBXContainerItemProxy section */

/* Begin PBXCopyFilesBuildPhase section */
		7E317AEC242E926600112954 /* Embed App Extensions */ = {
			isa = PBXCopyFilesBuildPhase;
			buildActionMask = 2147483647;
			dstPath = "";
			dstSubfolderSpec = 13;
			files = (
				7E317AD7242E926500112954 /* Swedio WatchKit Extension.appex in Embed App Extensions */,
			);
			name = "Embed App Extensions";
			runOnlyForDeploymentPostprocessing = 0;
		};
		7E317AF0242E926600112954 /* Embed Watch Content */ = {
			isa = PBXCopyFilesBuildPhase;
			buildActionMask = 2147483647;
			dstPath = "$(CONTENTS_FOLDER_PATH)/Watch";
			dstSubfolderSpec = 16;
			files = (
				7E317AC8242E926500112954 /* Swedio WatchKit App.app in Embed Watch Content */,
			);
			name = "Embed Watch Content";
			runOnlyForDeploymentPostprocessing = 0;
		};
/* End PBXCopyFilesBuildPhase section */

/* Begin PBXFileReference section */
		7E317AC3242E926500112954 /* Swedio.app */ = {isa = PBXFileReference; explicitFileType = wrapper.application; includeInIndex = 0; path = Swedio.app; sourceTree = BUILT_PRODUCTS_DIR; };
		7E317AC7242E926500112954 /* Swedio WatchKit App.app */ = {isa = PBXFileReference; explicitFileType = wrapper.application; includeInIndex = 0; path = "Swedio WatchKit App.app"; sourceTree = BUILT_PRODUCTS_DIR; };
		7E317ACD242E926500112954 /* Base */ = {isa = PBXFileReference; lastKnownFileType = file.storyboard; name = Base; path = Base.lproj/Interface.storyboard; sourceTree = "<group>"; };
		7E317ACF242E926500112954 /* Assets.xcassets */ = {isa = PBXFileReference; lastKnownFileType = folder.assetcatalog; path = Assets.xcassets; sourceTree = "<group>"; };
		7E317AD1242E926500112954 /* Info.plist */ = {isa = PBXFileReference; lastKnownFileType = text.plist.xml; path = Info.plist; sourceTree = "<group>"; };
		7E317AD6242E926500112954 /* Swedio WatchKit Extension.appex */ = {isa = PBXFileReference; explicitFileType = "wrapper.app-extension"; includeInIndex = 0; path = "Swedio WatchKit Extension.appex"; sourceTree = BUILT_PRODUCTS_DIR; };
		7E317ADB242E926500112954 /* ContentView.swift */ = {isa = PBXFileReference; lastKnownFileType = sourcecode.swift; path = ContentView.swift; sourceTree = "<group>"; };
		7E317ADD242E926500112954 /* HostingController.swift */ = {isa = PBXFileReference; lastKnownFileType = sourcecode.swift; path = HostingController.swift; sourceTree = "<group>"; };
		7E317ADF242E926500112954 /* ExtensionDelegate.swift */ = {isa = PBXFileReference; lastKnownFileType = sourcecode.swift; path = ExtensionDelegate.swift; sourceTree = "<group>"; };
		7E317AE1242E926600112954 /* Assets.xcassets */ = {isa = PBXFileReference; lastKnownFileType = folder.assetcatalog; path = Assets.xcassets; sourceTree = "<group>"; };
		7E317AE4242E926600112954 /* Preview Assets.xcassets */ = {isa = PBXFileReference; lastKnownFileType = folder.assetcatalog; path = "Preview Assets.xcassets"; sourceTree = "<group>"; };
		7E317AE6242E926600112954 /* Info.plist */ = {isa = PBXFileReference; lastKnownFileType = text.plist.xml; path = Info.plist; sourceTree = "<group>"; };
/* End PBXFileReference section */

/* Begin PBXFrameworksBuildPhase section */
		7E317AD3242E926500112954 /* Frameworks */ = {
			isa = PBXFrameworksBuildPhase;
			buildActionMask = 2147483647;
			files = (
			);
			runOnlyForDeploymentPostprocessing = 0;
		};
/* End PBXFrameworksBuildPhase section */

/* Begin PBXGroup section */
		7E317ABC242E926500112954 = {
			isa = PBXGroup;
			children = (
				7E317ACB242E926500112954 /* Swedio WatchKit App */,
				7E317ADA242E926500112954 /* Swedio WatchKit Extension */,
				7E317AC4242E926500112954 /* Products */,
			);
			sourceTree = "<group>";
		};
		7E317AC4242E926500112954 /* Products */ = {
			isa = PBXGroup;
			children = (
				7E317AC3242E926500112954 /* Swedio.app */,
				7E317AC7242E926500112954 /* Swedio WatchKit App.app */,
				7E317AD6242E926500112954 /* Swedio WatchKit Extension.appex */,
			);
			name = Products;
			sourceTree = "<group>";
		};
		7E317ACB242E926500112954 /* Swedio WatchKit App */ = {
			isa = PBXGroup;
			children = (
				7E317ACC242E926500112954 /* Interface.storyboard */,
				7E317ACF242E926500112954 /* Assets.xcassets */,
				7E317AD1242E926500112954 /* Info.plist */,
			);
			path = "Swedio WatchKit App";
			sourceTree = "<group>";
		};
		7E317ADA242E926500112954 /* Swedio WatchKit Extension */ = {
			isa = PBXGroup;
			children = (
				7E317ADB242E926500112954 /* ContentView.swift */,
				7E317ADD242E926500112954 /* HostingController.swift */,
				7E317ADF242E926500112954 /* ExtensionDelegate.swift */,
				7E317AE1242E926600112954 /* Assets.xcassets */,
				7E317AE6242E926600112954 /* Info.plist */,
				7E317AE3242E926600112954 /* Preview Content */,
			);
			path = "Swedio WatchKit Extension";
			sourceTree = "<group>";
		};
		7E317AE3242E926600112954 /* Preview Content */ = {
			isa = PBXGroup;
			children = (
				7E317AE4242E926600112954 /* Preview Assets.xcassets */,
			);
			path = "Preview Content";
			sourceTree = "<group>";
		};
/* End PBXGroup section */

/* Begin PBXNativeTarget section */
		7E317AC2242E926500112954 /* Swedio */ = {
			isa = PBXNativeTarget;
			buildConfigurationList = 7E317AF1242E926600112954 /* Build configuration list for PBXNativeTarget "Swedio" */;
			buildPhases = (
				7E317AC1242E926500112954 /* Resources */,
				7E317AF0242E926600112954 /* Embed Watch Content */,
			);
			buildRules = (
			);
			dependencies = (
				7E317ACA242E926500112954 /* PBXTargetDependency */,
			);
			name = Swedio;
			productName = Swedio;
			productReference = 7E317AC3242E926500112954 /* Swedio.app */;
			productType = "com.apple.product-type.application.watchapp2-container";
		};
		7E317AC6242E926500112954 /* Swedio WatchKit App */ = {
			isa = PBXNativeTarget;
			buildConfigurationList = 7E317AED242E926600112954 /* Build configuration list for PBXNativeTarget "Swedio WatchKit App" */;
			buildPhases = (
				7E317AC5242E926500112954 /* Resources */,
				7E317AEC242E926600112954 /* Embed App Extensions */,
			);
			buildRules = (
			);
			dependencies = (
				7E317AD9242E926500112954 /* PBXTargetDependency */,
			);
			name = "Swedio WatchKit App";
			productName = "Swedio WatchKit App";
			productReference = 7E317AC7242E926500112954 /* Swedio WatchKit App.app */;
			productType = "com.apple.product-type.application.watchapp2";
		};
		7E317AD5242E926500112954 /* Swedio WatchKit Extension */ = {
			isa = PBXNativeTarget;
			buildConfigurationList = 7E317AE9242E926600112954 /* Build configuration list for PBXNativeTarget "Swedio WatchKit Extension" */;
			buildPhases = (
				7E317AD2242E926500112954 /* Sources */,
				7E317AD3242E926500112954 /* Frameworks */,
				7E317AD4242E926500112954 /* Resources */,
			);
			buildRules = (
			);
			dependencies = (
			);
			name = "Swedio WatchKit Extension";
			productName = "Swedio WatchKit Extension";
			productReference = 7E317AD6242E926500112954 /* Swedio WatchKit Extension.appex */;
			productType = "com.apple.product-type.watchkit2-extension";
		};
/* End PBXNativeTarget section */

/* Begin PBXProject section */
		7E317ABD242E926500112954 /* Project object */ = {
			isa = PBXProject;
			attributes = {
				LastSwiftUpdateCheck = 1130;
				LastUpgradeCheck = 1130;
				ORGANIZATIONNAME = "Emil Doychinov";
				TargetAttributes = {
					7E317AC2242E926500112954 = {
						CreatedOnToolsVersion = 11.3.1;
					};
					7E317AC6242E926500112954 = {
						CreatedOnToolsVersion = 11.3.1;
					};
					7E317AD5242E926500112954 = {
						CreatedOnToolsVersion = 11.3.1;
					};
				};
			};
			buildConfigurationList = 7E317AC0242E926500112954 /* Build configuration list for PBXProject "Swedio" */;
			compatibilityVersion = "Xcode 9.3";
			developmentRegion = en;
			hasScannedForEncodings = 0;
			knownRegions = (
				en,
				Base,
			);
			mainGroup = 7E317ABC242E926500112954;
			productRefGroup = 7E317AC4242E926500112954 /* Products */;
			projectDirPath = "";
			projectRoot = "";
			targets = (
				7E317AC2242E926500112954 /* Swedio */,
				7E317AC6242E926500112954 /* Swedio WatchKit App */,
				7E317AD5242E926500112954 /* Swedio WatchKit Extension */,
			);
		};
/* End PBXProject section */

/* Begin PBXResourcesBuildPhase section */
		7E317AC1242E926500112954 /* Resources */ = {
			isa = PBXResourcesBuildPhase;
			buildActionMask = 2147483647;
			files = (
			);
			runOnlyForDeploymentPostprocessing = 0;
		};
		7E317AC5242E926500112954 /* Resources */ = {
			isa = PBXResourcesBuildPhase;
			buildActionMask = 2147483647;
			files = (
				7E317AD0242E926500112954 /* Assets.xcassets in Resources */,
				7E317ACE242E926500112954 /* Interface.storyboard in Resources */,
			);
			runOnlyForDeploymentPostprocessing = 0;
		};
		7E317AD4242E926500112954 /* Resources */ = {
			isa = PBXResourcesBuildPhase;
			buildActionMask = 2147483647;
			files = (
				7E317AE5242E926600112954 /* Preview Assets.xcassets in Resources */,
				7E317AE2242E926600112954 /* Assets.xcassets in Resources */,
			);
			runOnlyForDeploymentPostprocessing = 0;
		};
/* End PBXResourcesBuildPhase section */

/* Begin PBXSourcesBuildPhase section */
		7E317AD2242E926500112954 /* Sources */ = {
			isa = PBXSourcesBuildPhase;
			buildActionMask = 2147483647;
			files = (
				7E317ADE242E926500112954 /* HostingController.swift in Sources */,
				7E317ADC242E926500112954 /* ContentView.swift in Sources */,
				7E317AE0242E926500112954 /* ExtensionDelegate.swift in Sources */,
			);
			runOnlyForDeploymentPostprocessing = 0;
		};
/* End PBXSourcesBuildPhase section */

/* Begin PBXTargetDependency section */
		7E317ACA242E926500112954 /* PBXTargetDependency */ = {
			isa = PBXTargetDependency;
			target = 7E317AC6242E926500112954 /* Swedio WatchKit App */;
			targetProxy = 7E317AC9242E926500112954 /* PBXContainerItemProxy */;
		};
		7E317AD9242E926500112954 /* PBXTargetDependency */ = {
			isa = PBXTargetDependency;
			target = 7E317AD5242E926500112954 /* Swedio WatchKit Extension */;
			targetProxy = 7E317AD8242E926500112954 /* PBXContainerItemProxy */;
		};
/* End PBXTargetDependency section */

/* Begin PBXVariantGroup section */
		7E317ACC242E926500112954 /* Interface.storyboard */ = {
			isa = PBXVariantGroup;
			children = (
				7E317ACD242E926500112954 /* Base */,
			);
			name = Interface.storyboard;
			sourceTree = "<group>";
		};
/* End PBXVariantGroup section */

/* Begin XCBuildConfiguration section */
		7E317AE7242E926600112954 /* Debug */ = {
			isa = XCBuildConfiguration;
			buildSettings = {
				ALWAYS_SEARCH_USER_PATHS = NO;
				CLANG_ANALYZER_NONNULL = YES;
				CLANG_ANALYZER_NUMBER_OBJECT_CONVERSION = YES_AGGRESSIVE;
				CLANG_CXX_LANGUAGE_STANDARD = "gnu++14";
				CLANG_CXX_LIBRARY = "libc++";
				CLANG_ENABLE_MODULES = YES;
				CLANG_ENABLE_OBJC_ARC = YES;
				CLANG_ENABLE_OBJC_WEAK = YES;
				CLANG_WARN_BLOCK_CAPTURE_AUTORELEASING = YES;
				CLANG_WARN_BOOL_CONVERSION = YES;
				CLANG_WARN_COMMA = YES;
				CLANG_WARN_CONSTANT_CONVERSION = YES;
				CLANG_WARN_DEPRECATED_OBJC_IMPLEMENTATIONS = YES;
				CLANG_WARN_DIRECT_OBJC_ISA_USAGE = YES_ERROR;
				CLANG_WARN_DOCUMENTATION_COMMENTS = YES;
				CLANG_WARN_EMPTY_BODY = YES;
				CLANG_WARN_ENUM_CONVERSION = YES;
				CLANG_WARN_INFINITE_RECURSION = YES;
				CLANG_WARN_INT_CONVERSION = YES;
				CLANG_WARN_NON_LITERAL_NULL_CONVERSION = YES;
				CLANG_WARN_OBJC_IMPLICIT_RETAIN_SELF = YES;
				CLANG_WARN_OBJC_LITERAL_CONVERSION = YES;
				CLANG_WARN_OBJC_ROOT_CLASS = YES_ERROR;
				CLANG_WARN_RANGE_LOOP_ANALYSIS = YES;
				CLANG_WARN_STRICT_PROTOTYPES = YES;
				CLANG_WARN_SUSPICIOUS_MOVE = YES;
				CLANG_WARN_UNGUARDED_AVAILABILITY = YES_AGGRESSIVE;
				CLANG_WARN_UNREACHABLE_CODE = YES;
				CLANG_WARN__DUPLICATE_METHOD_MATCH = YES;
				COPY_PHASE_STRIP = NO;
				DEBUG_INFORMATION_FORMAT = dwarf;
				ENABLE_STRICT_OBJC_MSGSEND = YES;
				ENABLE_TESTABILITY = YES;
				GCC_C_LANGUAGE_STANDARD = gnu11;
				GCC_DYNAMIC_NO_PIC = NO;
				GCC_NO_COMMON_BLOCKS = YES;
				GCC_OPTIMIZATION_LEVEL = 0;
				GCC_PREPROCESSOR_DEFINITIONS = (
					"DEBUG=1",
					"$(inherited)",
				);
				GCC_WARN_64_TO_32_BIT_CONVERSION = YES;
				GCC_WARN_ABOUT_RETURN_TYPE = YES_ERROR;
				GCC_WARN_UNDECLARED_SELECTOR = YES;
				GCC_WARN_UNINITIALIZED_AUTOS = YES_AGGRESSIVE;
				GCC_WARN_UNUSED_FUNCTION = YES;
				GCC_WARN_UNUSED_VARIABLE = YES;
				MTL_ENABLE_DEBUG_INFO = INCLUDE_SOURCE;
				MTL_FAST_MATH = YES;
				ONLY_ACTIVE_ARCH = YES;
				SDKROOT = iphoneos;
				SWIFT_ACTIVE_COMPILATION_CONDITIONS = DEBUG;
				SWIFT_OPTIMIZATION_LEVEL = "-Onone";
			};
			name = Debug;
		};
		7E317AE8242E926600112954 /* Release */ = {
			isa = XCBuildConfiguration;
			buildSettings = {
				ALWAYS_SEARCH_USER_PATHS = NO;
				CLANG_ANALYZER_NONNULL = YES;
				CLANG_ANALYZER_NUMBER_OBJECT_CONVERSION = YES_AGGRESSIVE;
				CLANG_CXX_LANGUAGE_STANDARD = "gnu++14";
				CLANG_CXX_LIBRARY = "libc++";
				CLANG_ENABLE_MODULES = YES;
				CLANG_ENABLE_OBJC_ARC = YES;
				CLANG_ENABLE_OBJC_WEAK = YES;
				CLANG_WARN_BLOCK_CAPTURE_AUTORELEASING = YES;
				CLANG_WARN_BOOL_CONVERSION = YES;
				CLANG_WARN_COMMA = YES;
				CLANG_WARN_CONSTANT_CONVERSION = YES;
				CLANG_WARN_DEPRECATED_OBJC_IMPLEMENTATIONS = YES;
				CLANG_WARN_DIRECT_OBJC_ISA_USAGE = YES_ERROR;
				CLANG_WARN_DOCUMENTATION_COMMENTS = YES;
				CLANG_WARN_EMPTY_BODY = YES;
				CLANG_WARN_ENUM_CONVERSION = YES;
				CLANG_WARN_INFINITE_RECURSION = YES;
				CLANG_WARN_INT_CONVERSION = YES;
				CLANG_WARN_NON_LITERAL_NULL_CONVERSION = YES;
				CLANG_WARN_OBJC_IMPLICIT_RETAIN_SELF = YES;
				CLANG_WARN_OBJC_LITERAL_CONVERSION = YES;
				CLANG_WARN_OBJC_ROOT_CLASS = YES_ERROR;
				CLANG_WARN_RANGE_LOOP_ANALYSIS = YES;
				CLANG_WARN_STRICT_PROTOTYPES = YES;
				CLANG_WARN_SUSPICIOUS_MOVE = YES;
				CLANG_WARN_UNGUARDED_AVAILABILITY = YES_AGGRESSIVE;
				CLANG_WARN_UNREACHABLE_CODE = YES;
				CLANG_WARN__DUPLICATE_METHOD_MATCH = YES;
				COPY_PHASE_STRIP = NO;
				DEBUG_INFORMATION_FORMAT = "dwarf-with-dsym";
				ENABLE_NS_ASSERTIONS = NO;
				ENABLE_STRICT_OBJC_MSGSEND = YES;
				GCC_C_LANGUAGE_STANDARD = gnu11;
				GCC_NO_COMMON_BLOCKS = YES;
				GCC_WARN_64_TO_32_BIT_CONVERSION = YES;
				GCC_WARN_ABOUT_RETURN_TYPE = YES_ERROR;
				GCC_WARN_UNDECLARED_SELECTOR = YES;
				GCC_WARN_UNINITIALIZED_AUTOS = YES_AGGRESSIVE;
				GCC_WARN_UNUSED_FUNCTION = YES;
				GCC_WARN_UNUSED_VARIABLE = YES;
				MTL_ENABLE_DEBUG_INFO = NO;
				MTL_FAST_MATH = YES;
				SDKROOT = iphoneos;
				SWIFT_COMPILATION_MODE = wholemodule;
				SWIFT_OPTIMIZATION_LEVEL = "-O";
				VALIDATE_PRODUCT = YES;
			};
			name = Release;
		};
		7E317AEA242E926600112954 /* Debug */ = {
			isa = XCBuildConfiguration;
			buildSettings = {
				ASSETCATALOG_COMPILER_COMPLICATION_NAME = Complication;
				CODE_SIGN_STYLE = Automatic;
				DEVELOPMENT_ASSET_PATHS = "\"Swedio WatchKit Extension/Preview Content\"";
				DEVELOPMENT_TEAM = ALWDA8TPD5;
				ENABLE_PREVIEWS = YES;
				INFOPLIST_FILE = "Swedio WatchKit Extension/Info.plist";
				LD_RUNPATH_SEARCH_PATHS = (
					"$(inherited)",
					"@executable_path/Frameworks",
					"@executable_path/../../Frameworks",
				);
				PRODUCT_BUNDLE_IDENTIFIER = se.swedio.watch.Swedio.watchkitapp.watchkitextension;
				PRODUCT_NAME = "${TARGET_NAME}";
				SDKROOT = watchos;
				SKIP_INSTALL = YES;
				SWIFT_VERSION = 5.0;
				TARGETED_DEVICE_FAMILY = 4;
				WATCHOS_DEPLOYMENT_TARGET = 6.1;
			};
			name = Debug;
		};
		7E317AEB242E926600112954 /* Release */ = {
			isa = XCBuildConfiguration;
			buildSettings = {
				ASSETCATALOG_COMPILER_COMPLICATION_NAME = Complication;
				CODE_SIGN_STYLE = Automatic;
				DEVELOPMENT_ASSET_PATHS = "\"Swedio WatchKit Extension/Preview Content\"";
				DEVELOPMENT_TEAM = ALWDA8TPD5;
				ENABLE_PREVIEWS = YES;
				INFOPLIST_FILE = "Swedio WatchKit Extension/Info.plist";
				LD_RUNPATH_SEARCH_PATHS = (
					"$(inherited)",
					"@executable_path/Frameworks",
					"@executable_path/../../Frameworks",
				);
				PRODUCT_BUNDLE_IDENTIFIER = se.swedio.watch.Swedio.watchkitapp.watchkitextension;
				PRODUCT_NAME = "${TARGET_NAME}";
				SDKROOT = watchos;
				SKIP_INSTALL = YES;
				SWIFT_VERSION = 5.0;
				TARGETED_DEVICE_FAMILY = 4;
				WATCHOS_DEPLOYMENT_TARGET = 6.1;
			};
			name = Release;
		};
		7E317AEE242E926600112954 /* Debug */ = {
			isa = XCBuildConfiguration;
			buildSettings = {
				ALWAYS_EMBED_SWIFT_STANDARD_LIBRARIES = YES;
				ASSETCATALOG_COMPILER_APPICON_NAME = AppIcon;
				CODE_SIGN_STYLE = Automatic;
				DEVELOPMENT_TEAM = ALWDA8TPD5;
				IBSC_MODULE = Swedio_WatchKit_Extension;
				INFOPLIST_FILE = "Swedio WatchKit App/Info.plist";
				PRODUCT_BUNDLE_IDENTIFIER = se.swedio.watch.Swedio.watchkitapp;
				PRODUCT_NAME = "$(TARGET_NAME)";
				SDKROOT = watchos;
				SKIP_INSTALL = YES;
				SWIFT_VERSION = 5.0;
				TARGETED_DEVICE_FAMILY = 4;
				WATCHOS_DEPLOYMENT_TARGET = 6.1;
			};
			name = Debug;
		};
		7E317AEF242E926600112954 /* Release */ = {
			isa = XCBuildConfiguration;
			buildSettings = {
				ALWAYS_EMBED_SWIFT_STANDARD_LIBRARIES = YES;
				ASSETCATALOG_COMPILER_APPICON_NAME = AppIcon;
				CODE_SIGN_STYLE = Automatic;
				DEVELOPMENT_TEAM = ALWDA8TPD5;
				IBSC_MODULE = Swedio_WatchKit_Extension;
				INFOPLIST_FILE = "Swedio WatchKit App/Info.plist";
				PRODUCT_BUNDLE_IDENTIFIER = se.swedio.watch.Swedio.watchkitapp;
				PRODUCT_NAME = "$(TARGET_NAME)";
				SDKROOT = watchos;
				SKIP_INSTALL = YES;
				SWIFT_VERSION = 5.0;
				TARGETED_DEVICE_FAMILY = 4;
				WATCHOS_DEPLOYMENT_TARGET = 6.1;
			};
			name = Release;
		};
		7E317AF2242E926600112954 /* Debug */ = {
			isa = XCBuildConfiguration;
			buildSettings = {
				CODE_SIGN_STYLE = Automatic;
				CURRENT_PROJECT_VERSION = 1;
				DEVELOPMENT_TEAM = ALWDA8TPD5;
				MARKETING_VERSION = 1.0;
				PRODUCT_BUNDLE_IDENTIFIER = se.swedio.watch.Swedio;
				PRODUCT_NAME = "$(TARGET_NAME)";
				SWIFT_VERSION = 5.0;
			};
			name = Debug;
		};
		7E317AF3242E926600112954 /* Release */ = {
			isa = XCBuildConfiguration;
			buildSettings = {
				CODE_SIGN_STYLE = Automatic;
				CURRENT_PROJECT_VERSION = 1;
				DEVELOPMENT_TEAM = ALWDA8TPD5;
				MARKETING_VERSION = 1.0;
				PRODUCT_BUNDLE_IDENTIFIER = se.swedio.watch.Swedio;
				PRODUCT_NAME = "$(TARGET_NAME)";
				SWIFT_VERSION = 5.0;
			};
			name = Release;
		};
/* End XCBuildConfiguration section */

/* Begin XCConfigurationList section */
		7E317AC0242E926500112954 /* Build configuration list for PBXProject "Swedio" */ = {
			isa = XCConfigurationList;
			buildConfigurations = (
				7E317AE7242E926600112954 /* Debug */,
				7E317AE8242E926600112954 /* Release */,
			);
			defaultConfigurationIsVisible = 0;
			defaultConfigurationName = Release;
		};
		7E317AE9242E926600112954 /* Build configuration list for PBXNativeTarget "Swedio WatchKit Extension" */ = {
			isa = XCConfigurationList;
			buildConfigurations = (
				7E317AEA242E926600112954 /* Debug */,
				7E317AEB242E926600112954 /* Release */,
			);
			defaultConfigurationIsVisible = 0;
			defaultConfigurationName = Release;
		};
		7E317AED242E926600112954 /* Build configuration list for PBXNativeTarget "Swedio WatchKit App" */ = {
			isa = XCConfigurationList;
			buildConfigurations = (
				7E317AEE242E926600112954 /* Debug */,
				7E317AEF242E926600112954 /* Release */,
			);
			defaultConfigurationIsVisible = 0;
			defaultConfigurationName = Release;
		};
		7E317AF1242E926600112954 /* Build configuration list for PBXNativeTarget "Swedio" */ = {
			isa = XCConfigurationList;
			buildConfigurations = (
				7E317AF2242E926600112954 /* Debug */,
				7E317AF3242E926600112954 /* Release */,
			);
			defaultConfigurationIsVisible = 0;
			defaultConfigurationName = Release;
		};
/* End XCConfigurationList section */
	};
	rootObject = 7E317ABD242E926500112954 /* Project object */;
}
